
Microsoft Visual Studio Solution File, Format Version 12.00
# Visual Studio Version 17
VisualStudioVersion = 17.3.32825.248
MinimumVisualStudioVersion = 10.0.40219.1
Project("{FAE04EC0-301F-11D3-BF4B-00C04F79EFBC}") = "IndividualDatabaseProject", "IndividualDatabaseProject\IndividualDatabaseProject.csproj", "{3A41030C-21CF-4C33-8BCE-E0A9116C7D38}"
EndProject
Global
	GlobalSection(SolutionConfigurationPlatforms) = preSolution
		Debug|Any CPU = Debug|Any CPU
		Release|Any CPU = Release|Any CPU
	EndGlobalSection
	GlobalSection(ProjectConfigurationPlatforms) = postSolution
		{3A41030C-21CF-4C33-8BCE-E0A9116C7D38}.Debug|Any CPU.ActiveCfg = Debug|Any CPU
		{3A41030C-21CF-4C33-8BCE-E0A9116C7D38}.Debug|Any CPU.Build.0 = Debug|Any CPU
		{3A41030C-21CF-4C33-8BCE-E0A9116C7D38}.Release|Any CPU.ActiveCfg = Release|Any CPU
		{3A41030C-21CF-4C33-8BCE-E0A9116C7D38}.Release|Any CPU.Build.0 = Release|Any CPU
	EndGlobalSection
	GlobalSection(SolutionProperties) = preSolution
		HideSolutionNode = FALSE
	EndGlobalSection
	GlobalSection(ExtensibilityGlobals) = postSolution
		SolutionGuid = {F085EE75-32D0-48A4-BC6D-AA320AB34E2F}
	EndGlobalSection
EndGlobal
